// !$*UTF8*$!
{
	archiveVersion = 1;
	classes = {
	};
	objectVersion = 46;
	objects = {

/* Begin PBXBuildFile section */
		2FBA70B21C5D5D75007342AB /* AppDelegate.swift in Sources */ = {isa = PBXBuildFile; fileRef = 2FBA70B11C5D5D75007342AB /* AppDelegate.swift */; };
		2FBA70B41C5D5D75007342AB /* RecordVoiceViewController.swift in Sources */ = {isa = PBXBuildFile; fileRef = 2FBA70B31C5D5D75007342AB /* RecordVoiceViewController.swift */; };
		2FBA70B71C5D5D75007342AB /* Main.storyboard in Resources */ = {isa = PBXBuildFile; fileRef = 2FBA70B51C5D5D75007342AB /* Main.storyboard */; };
		2FBA70B91C5D5D75007342AB /* Assets.xcassets in Resources */ = {isa = PBXBuildFile; fileRef = 2FBA70B81C5D5D75007342AB /* Assets.xcassets */; };
		2FBA70BC1C5D5D75007342AB /* LaunchScreen.storyboard in Resources */ = {isa = PBXBuildFile; fileRef = 2FBA70BA1C5D5D75007342AB /* LaunchScreen.storyboard */; };
		2FFD85151C5E055B0073FFD7 /* ChangeVoicesViewController.swift in Sources */ = {isa = PBXBuildFile; fileRef = 2FFD85141C5E055A0073FFD7 /* ChangeVoicesViewController.swift */; };
		2FFD85191C5E880F0073FFD7 /* RecordedAudio.swift in Sources */ = {isa = PBXBuildFile; fileRef = 2FFD85181C5E880F0073FFD7 /* RecordedAudio.swift */; };
/* End PBXBuildFile section */

/* Begin PBXFileReference section */
		2FBA70AE1C5D5D75007342AB /* Pitch Perfect.app */ = {isa = PBXFileReference; explicitFileType = wrapper.application; includeInIndex = 0; path = "Pitch Perfect.app"; sourceTree = BUILT_PRODUCTS_DIR; };
		2FBA70B11C5D5D75007342AB /* AppDelegate.swift */ = {isa = PBXFileReference; lastKnownFileType = sourcecode.swift; path = AppDelegate.swift; sourceTree = "<group>"; };
		2FBA70B31C5D5D75007342AB /* RecordVoiceViewController.swift */ = {isa = PBXFileReference; lastKnownFileType = sourcecode.swift; path = RecordVoiceViewController.swift; sourceTree = "<group>"; };
		2FBA70B61C5D5D75007342AB /* Base */ = {isa = PBXFileReference; lastKnownFileType = file.storyboard; name = Base; path = Base.lproj/Main.storyboard; sourceTree = "<group>"; };
		2FBA70B81C5D5D75007342AB /* Assets.xcassets */ = {isa = PBXFileReference; lastKnownFileType = folder.assetcatalog; path = Assets.xcassets; sourceTree = "<group>"; };
		2FBA70BB1C5D5D75007342AB /* Base */ = {isa = PBXFileReference; lastKnownFileType = file.storyboard; name = Base; path = Base.lproj/LaunchScreen.storyboard; sourceTree = "<group>"; };
		2FBA70BD1C5D5D75007342AB /* Info.plist */ = {isa = PBXFileReference; lastKnownFileType = text.plist.xml; path = Info.plist; sourceTree = "<group>"; };
		2FFD85141C5E055A0073FFD7 /* ChangeVoicesViewController.swift */ = {isa = PBXFileReference; fileEncoding = 4; lastKnownFileType = sourcecode.swift; path = ChangeVoicesViewController.swift; sourceTree = "<group>"; };
		2FFD85181C5E880F0073FFD7 /* RecordedAudio.swift */ = {isa = PBXFileReference; fileEncoding = 4; lastKnownFileType = sourcecode.swift; path = RecordedAudio.swift; sourceTree = "<group>"; };
/* End PBXFileReference section */

/* Begin PBXFrameworksBuildPhase section */
		2FBA70AB1C5D5D75007342AB /* Frameworks */ = {
			isa = PBXFrameworksBuildPhase;
			buildActionMask = 2147483647;
			files = (
			);
			runOnlyForDeploymentPostprocessing = 0;
		};
/* End PBXFrameworksBuildPhase section */

/* Begin PBXGroup section */
		2FBA70A51C5D5D75007342AB = {
			isa = PBXGroup;
			children = (
				2FBA70B01C5D5D75007342AB /* Pitch Perfect */,
				2FBA70AF1C5D5D75007342AB /* Products */,
			);
			sourceTree = "<group>";
		};
		2FBA70AF1C5D5D75007342AB /* Products */ = {
			isa = PBXGroup;
			children = (
				2FBA70AE1C5D5D75007342AB /* Pitch Perfect.app */,
			);
			name = Products;
			sourceTree = "<group>";
		};
		2FBA70B01C5D5D75007342AB /* Pitch Perfect */ = {
			isa = PBXGroup;
			children = (
				2FBA70B11C5D5D75007342AB /* AppDelegate.swift */,
				2FBA70B31C5D5D75007342AB /* RecordVoiceViewController.swift */,
				2FBA70B51C5D5D75007342AB /* Main.storyboard */,
				2FBA70B81C5D5D75007342AB /* Assets.xcassets */,
				2FBA70BA1C5D5D75007342AB /* LaunchScreen.storyboard */,
				2FBA70BD1C5D5D75007342AB /* Info.plist */,
				2FFD85141C5E055A0073FFD7 /* ChangeVoicesViewController.swift */,
				2FFD85181C5E880F0073FFD7 /* RecordedAudio.swift */,
			);
			path = "Pitch Perfect";
			sourceTree = "<group>";
		};
/* End PBXGroup section */

/* Begin PBXNativeTarget section */
		2FBA70AD1C5D5D75007342AB /* Pitch Perfect */ = {
			isa = PBXNativeTarget;
			buildConfigurationList = 2FBA70C01C5D5D75007342AB /* Build configuration list for PBXNativeTarget "Pitch Perfect" */;
			buildPhases = (
				2FBA70AA1C5D5D75007342AB /* Sources */,
				2FBA70AB1C5D5D75007342AB /* Frameworks */,
				2FBA70AC1C5D5D75007342AB /* Resources */,
			);
			buildRules = (
			);
			dependencies = (
			);
			name = "Pitch Perfect";
			productName = "Pitch Perfect";
			productReference = 2FBA70AE1C5D5D75007342AB /* Pitch Perfect.app */;
			productType = "com.apple.product-type.application";
		};
/* End PBXNativeTarget section */

/* Begin PBXProject section */
		2FBA70A61C5D5D75007342AB /* Project object */ = {
			isa = PBXProject;
			attributes = {
				LastSwiftUpdateCheck = 0720;
				LastUpgradeCheck = 0720;
				ORGANIZATIONNAME = "Igor Vorobiov";
				TargetAttributes = {
					2FBA70AD1C5D5D75007342AB = {
						CreatedOnToolsVersion = 7.2;
						DevelopmentTeam = YEKFB9783X;
					};
				};
			};
			buildConfigurationList = 2FBA70A91C5D5D75007342AB /* Build configuration list for PBXProject "Pitch Perfect" */;
			compatibilityVersion = "Xcode 3.2";
			developmentRegion = English;
			hasScannedForEncodings = 0;
			knownRegions = (
				en,
				Base,
			);
			mainGroup = 2FBA70A51C5D5D75007342AB;
			productRefGroup = 2FBA70AF1C5D5D75007342AB /* Products */;
			projectDirPath = "";
			projectRoot = "";
			targets = (
				2FBA70AD1C5D5D75007342AB /* Pitch Perfect */,
			);
		};
/* End PBXProject section */

/* Begin PBXResourcesBuildPhase section */
		2FBA70AC1C5D5D75007342AB /* Resources */ = {
			isa = PBXResourcesBuildPhase;
			buildActionMask = 2147483647;
			files = (
				2FBA70BC1C5D5D75007342AB /* LaunchScreen.storyboard in Resources */,
				2FBA70B91C5D5D75007342AB /* Assets.xcassets in Resources */,
				2FBA70B71C5D5D75007342AB /* Main.storyboard in Resources */,
			);
			runOnlyForDeploymentPostprocessing = 0;
		};
/* End PBXResourcesBuildPhase section */

/* Begin PBXSourcesBuildPhase section */
		2FBA70AA1C5D5D75007342AB /* Sources */ = {
			isa = PBXSourcesBuildPhase;
			buildActionMask = 2147483647;
			files = (
				2FFD85191C5E880F0073FFD7 /* RecordedAudio.swift in Sources */,
				2FFD85151C5E055B0073FFD7 /* ChangeVoicesViewController.swift in Sources */,
				2FBA70B41C5D5D75007342AB /* RecordVoiceViewController.swift in Sources */,
				2FBA70B21C5D5D75007342AB /* AppDelegate.swift in Sources */,
			);
			runOnlyForDeploymentPostprocessing = 0;
		};
/* End PBXSourcesBuildPhase section */

/* Begin PBXVariantGroup section */
		2FBA70B51C5D5D75007342AB /* Main.storyboard */ = {
			isa = PBXVariantGroup;
			children = (
				2FBA70B61C5D5D75007342AB /* Base */,
			);
			name = Main.storyboard;
			sourceTree = "<group>";
		};
		2FBA70BA1C5D5D75007342AB /* LaunchScreen.storyboard */ = {
			isa = PBXVariantGroup;
			children = (
				2FBA70BB1C5D5D75007342AB /* Base */,
			);
			name = LaunchScreen.storyboard;
			sourceTree = "<group>";
		};
/* End PBXVariantGroup section */

/* Begin XCBuildConfiguration section */
		2FBA70BE1C5D5D75007342AB /* Debug */ = {
			isa = XCBuildConfiguration;
			buildSettings = {
				ALWAYS_SEARCH_USER_PATHS = NO;
				CLANG_CXX_LANGUAGE_STANDARD = "gnu++0x";
				CLANG_CXX_LIBRARY = "libc++";
				CLANG_ENABLE_MODULES = YES;
				CLANG_ENABLE_OBJC_ARC = YES;
				CLANG_WARN_BOOL_CONVERSION = YES;
				CLANG_WARN_CONSTANT_CONVERSION = YES;
				CLANG_WARN_DIRECT_OBJC_ISA_USAGE = YES_ERROR;
				CLANG_WARN_EMPTY_BODY = YES;
				CLANG_WARN_ENUM_CONVERSION = YES;
				CLANG_WARN_INT_CONVERSION = YES;
				CLANG_WARN_OBJC_ROOT_CLASS = YES_ERROR;
				CLANG_WARN_UNREACHABLE_CODE = YES;
				CLANG_WARN__DUPLICATE_METHOD_MATCH = YES;
				"CODE_SIGN_IDENTITY[sdk=iphoneos*]" = "iPhone Developer";
				COPY_PHASE_STRIP = NO;
				DEBUG_INFORMATION_FORMAT = dwarf;
				ENABLE_STRICT_OBJC_MSGSEND = YES;
				ENABLE_TESTABILITY = YES;
				GCC_C_LANGUAGE_STANDARD = gnu99;
				GCC_DYNAMIC_NO_PIC = NO;
				GCC_NO_COMMON_BLOCKS = YES;
				GCC_OPTIMIZATION_LEVEL = 0;
				GCC_PREPROCESSOR_DEFINITIONS = (
					"DEBUG=1",
					"$(inherited)",
				);
				GCC_WARN_64_TO_32_BIT_CONVERSION = YES;
				GCC_WARN_ABOUT_RETURN_TYPE = YES_ERROR;
				GCC_WARN_UNDECLARED_SELECTOR = YES;
				GCC_WARN_UNINITIALIZED_AUTOS = YES_AGGRESSIVE;
				GCC_WARN_UNUSED_FUNCTION = YES;
				GCC_WARN_UNUSED_VARIABLE = YES;
				IPHONEOS_DEPLOYMENT_TARGET = 9.2;
				MTL_ENABLE_DEBUG_INFO = YES;
				ONLY_ACTIVE_ARCH = YES;
				SDKROOT = iphoneos;
				SWIFT_OPTIMIZATION_LEVEL = "-Onone";
			};
			name = Debug;
		};
		2FBA70BF1C5D5D75007342AB /* Release */ = {
			isa = XCBuildConfiguration;
			buildSettings = {
				ALWAYS_SEARCH_USER_PATHS = NO;
				CLANG_CXX_LANGUAGE_STANDARD = "gnu++0x";
				CLANG_CXX_LIBRARY = "libc++";
				CLANG_ENABLE_MODULES = YES;
				CLANG_ENABLE_OBJC_ARC = YES;
				CLANG_WARN_BOOL_CONVERSION = YES;
				CLANG_WARN_CONSTANT_CONVERSION = YES;
				CLANG_WARN_DIRECT_OBJC_ISA_USAGE = YES_ERROR;
				CLANG_WARN_EMPTY_BODY = YES;
				CLANG_WARN_ENUM_CONVERSION = YES;
				CLANG_WARN_INT_CONVERSION = YES;
				CLANG_WARN_OBJC_ROOT_CLASS = YES_ERROR;
				CLANG_WARN_UNREACHABLE_CODE = YES;
				CLANG_WARN__DUPLICATE_METHOD_MATCH = YES;
				"CODE_SIGN_IDENTITY[sdk=iphoneos*]" = "iPhone Developer";
				COPY_PHASE_STRIP = NO;
				DEBUG_INFORMATION_FORMAT = "dwarf-with-dsym";
				ENABLE_NS_ASSERTIONS = NO;
				ENABLE_STRICT_OBJC_MSGSEND = YES;
				GCC_C_LANGUAGE_STANDARD = gnu99;
				GCC_NO_COMMON_BLOCKS = YES;
				GCC_WARN_64_TO_32_BIT_CONVERSION = YES;
				GCC_WARN_ABOUT_RETURN_TYPE = YES_ERROR;
				GCC_WARN_UNDECLARED_SELECTOR = YES;
				GCC_WARN_UNINITIALIZED_AUTOS = YES_AGGRESSIVE;
				GCC_WARN_UNUSED_FUNCTION = YES;
				GCC_WARN_UNUSED_VARIABLE = YES;
				IPHONEOS_DEPLOYMENT_TARGET = 9.2;
				MTL_ENABLE_DEBUG_INFO = NO;
				SDKROOT = iphoneos;
				VALIDATE_PRODUCT = YES;
			};
			name = Release;
		};
		2FBA70C11C5D5D75007342AB /* Debug */ = {
			isa = XCBuildConfiguration;
			buildSettings = {
				ASSETCATALOG_COMPILER_APPICON_NAME = AppIcon;
				INFOPLIST_FILE = "Pitch Perfect/Info.plist";
				LD_RUNPATH_SEARCH_PATHS = "$(inherited) @executable_path/Frameworks";
				PRODUCT_BUNDLE_IDENTIFIER = "com.igorvorobiov.Pitch-Perfect";
				PRODUCT_NAME = "$(TARGET_NAME)";
			};
			name = Debug;
		};
		2FBA70C21C5D5D75007342AB /* Release */ = {
			isa = XCBuildConfiguration;
			buildSettings = {
				ASSETCATALOG_COMPILER_APPICON_NAME = AppIcon;
				INFOPLIST_FILE = "Pitch Perfect/Info.plist";
				LD_RUNPATH_SEARCH_PATHS = "$(inherited) @executable_path/Frameworks";
				PRODUCT_BUNDLE_IDENTIFIER = "com.igorvorobiov.Pitch-Perfect";
				PRODUCT_NAME = "$(TARGET_NAME)";
			};
			name = Release;
		};
/* End XCBuildConfiguration section */

/* Begin XCConfigurationList section */
		2FBA70A91C5D5D75007342AB /* Build configuration list for PBXProject "Pitch Perfect" */ = {
			isa = XCConfigurationList;
			buildConfigurations = (
				2FBA70BE1C5D5D75007342AB /* Debug */,
				2FBA70BF1C5D5D75007342AB /* Release */,
			);
			defaultConfigurationIsVisible = 0;
			defaultConfigurationName = Release;
		};
		2FBA70C01C5D5D75007342AB /* Build configuration list for PBXNativeTarget "Pitch Perfect" */ = {
			isa = XCConfigurationList;
			buildConfigurations = (
				2FBA70C11C5D5D75007342AB /* Debug */,
				2FBA70C21C5D5D75007342AB /* Release */,
			);
			defaultConfigurationIsVisible = 0;
			defaultConfigurationName = Release;
		};
/* End XCConfigurationList section */
	};
	rootObject = 2FBA70A61C5D5D75007342AB /* Project object */;
}
